{
  "R": {
    "Version": "4.0.4",
    "Repositories": [
      {
        "Name": "CRAN",
        "URL": "https://cran.rstudio.com"
      }
    ]
  },
  "Packages": {
    "BH": {
      "Package": "BH",
      "Version": "1.69.0-1",
      "Source": "Repository",
      "Repository": "CRAN",
      "Hash": "f4605d46264b35f53072fc9ee7ace15f",
      "Requirements": []
    },
    "R6": {
      "Package": "R6",
      "Version": "2.4.0",
      "Source": "Repository",
      "Repository": "CRAN",
      "Hash": "d4618c4cb36bc46831551c5d85815818",
      "Requirements": []
    },
    "Rcpp": {
      "Package": "Rcpp",
      "Version": "1.0.0",
      "Source": "Repository",
      "Repository": "CRAN",
      "Hash": "e6bc5212ec592d14485ed86569697ca2",
      "Requirements": []
    },
    "askpass": {
      "Package": "askpass",
      "Version": "1.1",
      "Source": "Repository",
      "Repository": "RSPM",
      "Hash": "e8a22846fff485f0be3770c2da758713",
      "Requirements": [
        "sys"
      ]
    },
    "assertthat": {
      "Package": "assertthat",
      "Version": "0.2.0",
      "Source": "Repository",
      "Repository": "CRAN",
      "Hash": "7b2aa2be4bd0497000a5a399f07da3f1",
      "Requirements": []
    },
    "bindr": {
      "Package": "bindr",
      "Version": "0.1.1",
      "Source": "Repository",
      "Repository": "CRAN",
      "Hash": "12981fbe55fe3df82fd6d249fcf8bb06",
      "Requirements": []
    },
    "bindrcpp": {
      "Package": "bindrcpp",
      "Version": "0.2.2",
      "Source": "Repository",
      "Repository": "CRAN",
      "Hash": "c1835e06daacf34f97ba8e9ff0ef1804",
      "Requirements": [
        "Rcpp",
        "bindr",
        "plogr"
      ]
    },
    "cli": {
      "Package": "cli",
      "Version": "1.0.1",
      "Source": "Repository",
      "Repository": "CRAN",
      "Hash": "8b53aa09ebad525ced1e04d315b9c3cf",
      "Requirements": [
        "assertthat",
        "crayon"
      ]
    },
    "crayon": {
      "Package": "crayon",
      "Version": "1.3.4",
      "Source": "Repository",
      "Repository": "CRAN",
      "Hash": "0d57bc8e27b7ba9e45dba825ebc0de6b",
      "Requirements": []
    },
    "curl": {
      "Package": "curl",
      "Version": "3.3",
      "Source": "Repository",
      "Repository": "CRAN",
      "Hash": "c71bf321a357db97242bc233a1f99a55",
      "Requirements": []
    },
    "dplyr": {
      "Package": "dplyr",
      "Version": "0.7.4",
      "Source": "Repository",
      "Repository": "CRAN",
      "Hash": "7e3bd35d71a5e2da459eafccf4bfde32",
      "Requirements": [
        "BH",
        "R6",
        "Rcpp",
        "assertthat",
        "bindrcpp",
        "glue",
        "magrittr",
        "pkgconfig",
        "plogr",
        "rlang",
        "tibble"
      ]
    },
    "fansi": {
      "Package": "fansi",
      "Version": "1.0.2",
      "Source": "Repository",
      "Repository": "CRAN",
      "Hash": "f28149c2d7a1342a834b314e95e67260",
      "Requirements": []
    },
    "glue": {
      "Package": "glue",
      "Version": "1.3.0",
      "Source": "Repository",
      "Repository": "CRAN",
      "Hash": "23b09270cd7730418e15a3e44150a293",
      "Requirements": []
    },
    "httr": {
      "Package": "httr",
      "Version": "1.4.0",
      "Source": "Repository",
      "Repository": "CRAN",
      "Hash": "194b9f75755db776bc5a34ee8b95fe7e",
      "Requirements": [
        "R6",
        "curl",
        "jsonlite",
        "mime",
        "openssl"
      ]
    },
    "jsonlite": {
      "Package": "jsonlite",
      "Version": "1.6",
      "Source": "Repository",
      "Repository": "CRAN",
      "Hash": "bc5739654d032acf531356e32e0d0f54",
      "Requirements": []
    },
    "magrittr": {
      "Package": "magrittr",
      "Version": "1.5",
      "Source": "Repository",
      "Repository": "CRAN",
      "Hash": "1bb58822a20301cee84a41678e25d9b7",
      "Requirements": []
    },
    "mime": {
      "Package": "mime",
      "Version": "0.6",
      "Source": "Repository",
      "Repository": "CRAN",
      "Hash": "65dd22e780565119a78036189cb3b885",
      "Requirements": []
    },
    "openssl": {
      "Package": "openssl",
      "Version": "1.2.2",
      "Source": "Repository",
      "Repository": "CRAN",
      "Hash": "d9a28e006b4bf796d4579be4225e2f0b",
      "Requirements": [
        "askpass"
      ]
    },
    "pillar": {
      "Package": "pillar",
      "Version": "1.3.1",
      "Source": "Repository",
      "Repository": "CRAN",
      "Hash": "2118002e39723f27ea34b929f09cbd7d",
      "Requirements": [
        "cli",
        "crayon",
        "fansi",
        "rlang",
        "utf8"
      ]
    },
    "pkgconfig": {
      "Package": "pkgconfig",
      "Version": "2.0.2",
      "Source": "Repository",
      "Repository": "CRAN",
      "Hash": "f5940986fb19bcef52284068baeb3f29",
      "Requirements": []
    },
    "plogr": {
      "Package": "plogr",
      "Version": "0.2.0",
      "Source": "Repository",
      "Repository": "CRAN",
      "Hash": "09eb987710984fc2905c7129c7d85e65",
      "Requirements": []
    },
    "renv": {
      "Package": "renv",
      "Version": "0.15.2",
      "Source": "Repository",
      "Repository": "CRAN",
      "Hash": "206c4ef8b7ad6fb1060d69aa7b9dfe69",
      "Requirements": []
    },
    "rlang": {
      "Package": "rlang",
      "Version": "0.3.1",
      "Source": "Repository",
      "Repository": "CRAN",
      "Hash": "52d1b4ca1175d57cdd2b3711f603da34",
      "Requirements": []
    },
    "rtson": {
      "Package": "rtson",
      "Version": "1.4.4",
      "Source": "GitHub",
      "RemoteType": "github",
      "RemoteRepo": "TSON",
      "RemoteUsername": "tercen",
      "RemoteRef": "1.4.4-rtson",
      "RemoteSha": "01c0ff70ed30b7332f506403713158959492f8ca",
      "RemoteSubdir": "rtson",
      "RemoteHost": "https://api.github.com",
      "Hash": "6e1dc343d5f4e59a44da610ba0fdb8c1",
      "Requirements": [
        "R6"
      ]
    },
    "sys": {
      "Package": "sys",
      "Version": "3.1",
      "Source": "Repository",
      "Repository": "CRAN",
      "Hash": "22319ae218b22b9a14d5e7ecbf841703",
      "Requirements": []
    },
    "tercen": {
      "Package": "tercen",
      "Version": "0.7.1",
      "Source": "GitHub",
      "RemoteType": "github",
      "RemoteRepo": "teRcen",
      "RemoteUsername": "tercen",
      "RemoteRef": "0.7.1",
      "RemoteSha": "4f6cae07ca68202680409fb985db18be63a2e89a",
      "RemoteHost": "https://api.github.com",
      "Hash": "e31ad76bee9d7fd13dfb889244e300fd",
      "Requirements": [
        "R6",
        "dplyr",
        "httr",
        "jsonlite",
        "rtson",
        "tibble",
        "yaml"
      ]
    },
    "tibble": {
      "Package": "tibble",
      "Version": "1.4.2",
      "Source": "Repository",
      "Repository": "CRAN",
      "Hash": "5c9c9aa12a2af6e25cfa9a18de427eb2",
      "Requirements": [
        "cli",
        "crayon",
        "pillar",
        "rlang"
      ]
    },
    "utf8": {
      "Package": "utf8",
      "Version": "1.1.3",
      "Source": "Repository",
      "Repository": "CRAN",
      "Hash": "8c1c64012f4044ee2911ad5f83348789",
      "Requirements": []
    },
    "yaml": {
      "Package": "yaml",
      "Version": "2.2.0",
      "Source": "Repository",
      "Repository": "CRAN",
      "Hash": "c78bdf1d16bd4ec7ecc86c6986d53309",
      "Requirements": []
    }
  }
}
